{
  "originHash" : "6ec4b755678efeacf8e6056d865aa03a8f42ee42bee79e2957b5f2016ed06631",
  "pins" : [
    {
      "identity" : "autoupdate",
      "kind" : "remoteSourceControl",
      "location" : "https://github.com/TopScrech/AutoUpdate",
      "state" : {
        "revision" : "2756488566ee03e1a0e6e71921b58584a58674b7",
        "version" : "1.2.0"
      }
    },
    {
      "identity" : "launchatlogin",
      "kind" : "remoteSourceControl",
      "location" : "https://github.com/TopScrech/LaunchAtLogin",
      "state" : {
        "branch" : "main",
        "revision" : "bfccfc4dfe80eec4b2c0fe0712d8bd954d1a2ce6"
      }
    },
    {
      "identity" : "screchkit",
      "kind" : "remoteSourceControl",
      "location" : "https://github.com/TopScrech/ScrechKit",
      "state" : {
        "revision" : "44d1e67bb9491120e9eaa57a84fa8c92ad8b3a88",
        "version" : "1.0.2"
      }
    }
  ],
  "version" : 3
}
