{
  "originHash" : "6ec4b755678efeacf8e6056d865aa03a8f42ee42bee79e2957b5f2016ed06631",
  "pins" : [
    {
      "identity" : "autoupdate",
      "kind" : "remoteSourceControl",
      "location" : "https://github.com/TopScrech/AutoUpdate",
      "state" : {
        "revision" : "f04ab453a5f515857958384ea512125ba6f21d9d",
        "version" : "1.2.2"
      }
    },
    {
      "identity" : "launchatlogin",
      "kind" : "remoteSourceControl",
      "location" : "https://github.com/TopScrech/LaunchAtLogin",
      "state" : {
        "revision" : "f902aeb6cfa478f7cba038de32e9326b7d983d66",
        "version" : "1.0.2"
      }
    },
    {
      "identity" : "screchkit",
      "kind" : "remoteSourceControl",
      "location" : "https://github.com/TopScrech/ScrechKit",
      "state" : {
        "revision" : "cc47ee7d271fd85f5e95afdb83e3d45edadf2327",
        "version" : "1.0.12"
      }
    }
  ],
  "version" : 3
}
